// !$*UTF8*$!
{
	archiveVersion = 1;
	classes = {
	};
	objectVersion = 50;
	objects = {

/* Begin PBXBuildFile section */
		38D505BA45CC16724631C727 /* libPods-Application.a in Frameworks */ = {isa = PBXBuildFile; fileRef = D059CFF090ED42DC2B24425B /* libPods-Application.a */; };
		DA25F365219331CB0049843E /* OptionView.swift in Sources */ = {isa = PBXBuildFile; fileRef = DA25F364219331CB0049843E /* OptionView.swift */; };
		DA397BDE218A3E1200C54971 /* libHauptbahnhof.a in Frameworks */ = {isa = PBXBuildFile; fileRef = DAD7E123218A3A690085F449 /* libHauptbahnhof.a */; };
		DA48003D21930FF600A72514 /* libHauptbahnhof.a in Frameworks */ = {isa = PBXBuildFile; fileRef = DAD7E123218A3A690085F449 /* libHauptbahnhof.a */; };
		DA48004B2193103600A72514 /* TestFactory.swift in Sources */ = {isa = PBXBuildFile; fileRef = DA4800452193103600A72514 /* TestFactory.swift */; };
		DA48004C2193103600A72514 /* TestParsing.swift in Sources */ = {isa = PBXBuildFile; fileRef = DA4800462193103600A72514 /* TestParsing.swift */; };
		DA48004D2193103600A72514 /* MockStorage.swift in Sources */ = {isa = PBXBuildFile; fileRef = DA4800472193103600A72514 /* MockStorage.swift */; };
		DA48004E2193103600A72514 /* TestStorage.swift in Sources */ = {isa = PBXBuildFile; fileRef = DA4800482193103600A72514 /* TestStorage.swift */; };
		DA48004F2193103600A72514 /* TestSelection.swift in Sources */ = {isa = PBXBuildFile; fileRef = DA48004A2193103600A72514 /* TestSelection.swift */; };
		DA51A266219313A000F7C804 /* One.json in Resources */ = {isa = PBXBuildFile; fileRef = DACF07C6219079CA00F907AB /* One.json */; };
		DA51A268219328F500F7C804 /* DocumentView.swift in Sources */ = {isa = PBXBuildFile; fileRef = DA51A267219328F500F7C804 /* DocumentView.swift */; };
		DA7AC8E321948968007A7CC6 /* TestValidate.swift in Sources */ = {isa = PBXBuildFile; fileRef = DA7AC8E221948968007A7CC6 /* TestValidate.swift */; };
		DA7AC8E621948A2E007A7CC6 /* Validator.swift in Sources */ = {isa = PBXBuildFile; fileRef = DA7AC8E521948A2E007A7CC6 /* Validator.swift */; };
		DA7AC8E721948A2E007A7CC6 /* Validator.swift in Sources */ = {isa = PBXBuildFile; fileRef = DA7AC8E521948A2E007A7CC6 /* Validator.swift */; };
		DA7AC8EC21948BEF007A7CC6 /* Invalid.swift in Sources */ = {isa = PBXBuildFile; fileRef = DA7AC8EB21948BEF007A7CC6 /* Invalid.swift */; };
		DA7AC8ED21948BEF007A7CC6 /* Invalid.swift in Sources */ = {isa = PBXBuildFile; fileRef = DA7AC8EB21948BEF007A7CC6 /* Invalid.swift */; };
		DA7DEF472192EB7900909D9D /* Game.swift in Sources */ = {isa = PBXBuildFile; fileRef = DA7DEF412192EB7900909D9D /* Game.swift */; };
		DA7DEF482192EB7900909D9D /* Game.swift in Sources */ = {isa = PBXBuildFile; fileRef = DA7DEF412192EB7900909D9D /* Game.swift */; };
		DA7DEF492192EB7900909D9D /* Option.swift in Sources */ = {isa = PBXBuildFile; fileRef = DA7DEF422192EB7900909D9D /* Option.swift */; };
		DA7DEF4A2192EB7900909D9D /* Option.swift in Sources */ = {isa = PBXBuildFile; fileRef = DA7DEF422192EB7900909D9D /* Option.swift */; };
		DA7DEF4B2192EB7900909D9D /* Message.swift in Sources */ = {isa = PBXBuildFile; fileRef = DA7DEF432192EB7900909D9D /* Message.swift */; };
		DA7DEF4C2192EB7900909D9D /* Message.swift in Sources */ = {isa = PBXBuildFile; fileRef = DA7DEF432192EB7900909D9D /* Message.swift */; };
		DA7DEF4D2192EB7900909D9D /* Effect.swift in Sources */ = {isa = PBXBuildFile; fileRef = DA7DEF442192EB7900909D9D /* Effect.swift */; };
		DA7DEF4E2192EB7900909D9D /* Effect.swift in Sources */ = {isa = PBXBuildFile; fileRef = DA7DEF442192EB7900909D9D /* Effect.swift */; };
		DA7DEF512192EB7900909D9D /* Player.swift in Sources */ = {isa = PBXBuildFile; fileRef = DA7DEF462192EB7900909D9D /* Player.swift */; };
		DA7DEF522192EB7900909D9D /* Player.swift in Sources */ = {isa = PBXBuildFile; fileRef = DA7DEF462192EB7900909D9D /* Player.swift */; };
		DA7DEF532192EB8700909D9D /* GameMaster.swift in Sources */ = {isa = PBXBuildFile; fileRef = DAD7E136218A3B620085F449 /* GameMaster.swift */; };
		DA7DEF542192EB9100909D9D /* Storage.swift in Sources */ = {isa = PBXBuildFile; fileRef = DAB55EFE218B9D1400A9F02A /* Storage.swift */; };
		DA7DEF552192EB9500909D9D /* Factory.swift in Sources */ = {isa = PBXBuildFile; fileRef = DAB55F02218B9E1900A9F02A /* Factory.swift */; };
		DA7DEF572192EBEB00909D9D /* String.swift in Sources */ = {isa = PBXBuildFile; fileRef = DA7DEF452192EB7900909D9D /* String.swift */; };
		DA7DEF582192EBEC00909D9D /* String.swift in Sources */ = {isa = PBXBuildFile; fileRef = DA7DEF452192EB7900909D9D /* String.swift */; };
		DAA7FBCF218BB29000F1C0E8 /* SplashPresenter.swift in Sources */ = {isa = PBXBuildFile; fileRef = DAA7FBCE218BB29000F1C0E8 /* SplashPresenter.swift */; };
		DAA7FBD1218BB37000F1C0E8 /* SplashView.swift in Sources */ = {isa = PBXBuildFile; fileRef = DAA7FBD0218BB37000F1C0E8 /* SplashView.swift */; };
		DAB55EFF218B9D1400A9F02A /* Storage.swift in Sources */ = {isa = PBXBuildFile; fileRef = DAB55EFE218B9D1400A9F02A /* Storage.swift */; };
		DAB55F03218B9E1900A9F02A /* Factory.swift in Sources */ = {isa = PBXBuildFile; fileRef = DAB55F02218B9E1900A9F02A /* Factory.swift */; };
		DAB55F07218BAF9300A9F02A /* Session.swift in Sources */ = {isa = PBXBuildFile; fileRef = DAB55F06218BAF9300A9F02A /* Session.swift */; };
		DABA3AE52194635C007B757E /* Button.swift in Sources */ = {isa = PBXBuildFile; fileRef = DABA3AE42194635C007B757E /* Button.swift */; };
		DACF07C1219079B200F907AB /* Localizable.strings in Resources */ = {isa = PBXBuildFile; fileRef = DACF07BF219079B200F907AB /* Localizable.strings */; };
		DACF07C5219079BD00F907AB /* Localizable.strings in Resources */ = {isa = PBXBuildFile; fileRef = DACF07C3219079BD00F907AB /* Localizable.strings */; };
		DACF07C8219079CB00F907AB /* One.json in Resources */ = {isa = PBXBuildFile; fileRef = DACF07C6219079CA00F907AB /* One.json */; };
		DACF07C9219079D000F907AB /* One.json in Resources */ = {isa = PBXBuildFile; fileRef = DACF07C6219079CA00F907AB /* One.json */; };
		DACF07D221907A8800F907AB /* UIColor.swift in Sources */ = {isa = PBXBuildFile; fileRef = DACF07D121907A8700F907AB /* UIColor.swift */; };
		DACF84FA2192270E005B741C /* View.swift in Sources */ = {isa = PBXBuildFile; fileRef = DACF84F82192270E005B741C /* View.swift */; };
		DACF84FB2192270E005B741C /* Application.swift in Sources */ = {isa = PBXBuildFile; fileRef = DACF84F92192270E005B741C /* Application.swift */; };
		DACF850B2192286A005B741C /* libEditor.a in Frameworks */ = {isa = PBXBuildFile; fileRef = DACF84DB219223B4005B741C /* libEditor.a */; };
		DAD5B58F218A4ABC00E1DDA9 /* Navigation.swift in Sources */ = {isa = PBXBuildFile; fileRef = DAD5B58E218A4ABC00E1DDA9 /* Navigation.swift */; };
		DAD5B592218A509300E1DDA9 /* HomePresenter.swift in Sources */ = {isa = PBXBuildFile; fileRef = DAD5B591218A509300E1DDA9 /* HomePresenter.swift */; };
		DAD5B594218A50A600E1DDA9 /* HomeView.swift in Sources */ = {isa = PBXBuildFile; fileRef = DAD5B593218A50A600E1DDA9 /* HomeView.swift */; };
		DAD5B59A218A51C700E1DDA9 /* ButtonText.swift in Sources */ = {isa = PBXBuildFile; fileRef = DAD5B599218A51C700E1DDA9 /* ButtonText.swift */; };
		DAD5B59D218A52D100E1DDA9 /* GamePresenter.swift in Sources */ = {isa = PBXBuildFile; fileRef = DAD5B59C218A52D100E1DDA9 /* GamePresenter.swift */; };
		DAD5B59F218A52E700E1DDA9 /* GameView.swift in Sources */ = {isa = PBXBuildFile; fileRef = DAD5B59E218A52E700E1DDA9 /* GameView.swift */; };
		DAD5B5A3218A6D3500E1DDA9 /* Bar.swift in Sources */ = {isa = PBXBuildFile; fileRef = DAD5B5A2218A6D3500E1DDA9 /* Bar.swift */; };
		DAD5B5A5218A6D5400E1DDA9 /* Button.swift in Sources */ = {isa = PBXBuildFile; fileRef = DAD5B5A4218A6D5400E1DDA9 /* Button.swift */; };
		DAD5B5B3218B234700E1DDA9 /* GameCaretView.swift in Sources */ = {isa = PBXBuildFile; fileRef = DAD5B5B2218B234700E1DDA9 /* GameCaretView.swift */; };
		DAD7E12D218A3B480085F449 /* LaunchScreen.storyboard in Resources */ = {isa = PBXBuildFile; fileRef = DAD7E12B218A3B480085F449 /* LaunchScreen.storyboard */; };
		DAD7E131218A3B530085F449 /* Application.swift in Sources */ = {isa = PBXBuildFile; fileRef = DAD7E130218A3B530085F449 /* Application.swift */; };
		DAD7E137218A3B630085F449 /* GameMaster.swift in Sources */ = {isa = PBXBuildFile; fileRef = DAD7E136218A3B620085F449 /* GameMaster.swift */; };
		DADE700F21957C6F009ADEB7 /* Status.swift in Sources */ = {isa = PBXBuildFile; fileRef = DADE700E21957C6F009ADEB7 /* Status.swift */; };
		DADE70112195865D009ADEB7 /* Session.swift in Sources */ = {isa = PBXBuildFile; fileRef = DADE70102195865D009ADEB7 /* Session.swift */; };
		DADE701321958736009ADEB7 /* Exception.swift in Sources */ = {isa = PBXBuildFile; fileRef = DADE701221958736009ADEB7 /* Exception.swift */; };
		DADE701421958736009ADEB7 /* Exception.swift in Sources */ = {isa = PBXBuildFile; fileRef = DADE701221958736009ADEB7 /* Exception.swift */; };
		DAE6AA8A218F3B2D00E7BBC1 /* GameOptionView.swift in Sources */ = {isa = PBXBuildFile; fileRef = DAE6AA89218F3B2D00E7BBC1 /* GameOptionView.swift */; };
		DAFCF243219458D100BEBEEF /* EffectView.swift in Sources */ = {isa = PBXBuildFile; fileRef = DAFCF242219458D100BEBEEF /* EffectView.swift */; };
		DAFCF24521945BBD00BEBEEF /* assets.xcassets in Resources */ = {isa = PBXBuildFile; fileRef = DAFCF24421945BBD00BEBEEF /* assets.xcassets */; };
		DAFCF24721945BCD00BEBEEF /* assets.xcassets in Resources */ = {isa = PBXBuildFile; fileRef = DAFCF24621945BCD00BEBEEF /* assets.xcassets */; };
		DAFEC3372192411F00DAA671 /* Presenter.swift in Sources */ = {isa = PBXBuildFile; fileRef = DAFEC3362192411F00DAA671 /* Presenter.swift */; };
		DAFEC33D2192499100DAA671 /* ItemView.swift in Sources */ = {isa = PBXBuildFile; fileRef = DAFEC33C2192499100DAA671 /* ItemView.swift */; };
/* End PBXBuildFile section */

/* Begin PBXContainerItemProxy section */
		DA48003E21930FF600A72514 /* PBXContainerItemProxy */ = {
			isa = PBXContainerItemProxy;
			containerPortal = DAD7E0EB218A350F0085F449 /* Project object */;
			proxyType = 1;
			remoteGlobalIDString = DAD7E0F2218A350F0085F449;
			remoteInfo = Hauptbahnhof;
		};
/* End PBXContainerItemProxy section */

/* Begin PBXCopyFilesBuildPhase section */
		DAD7E0F1218A350F0085F449 /* CopyFiles */ = {
			isa = PBXCopyFilesBuildPhase;
			buildActionMask = 2147483647;
			dstPath = "include/$(PRODUCT_NAME)";
			dstSubfolderSpec = 16;
			files = (
			);
			runOnlyForDeploymentPostprocessing = 0;
		};
/* End PBXCopyFilesBuildPhase section */

/* Begin PBXFileReference section */
		AC986C45890ECEFA63F3AF3F /* Pods-Application.release.xcconfig */ = {isa = PBXFileReference; includeInIndex = 1; lastKnownFileType = text.xcconfig; name = "Pods-Application.release.xcconfig"; path = "Target Support Files/Pods-Application/Pods-Application.release.xcconfig"; sourceTree = "<group>"; };
		B42174B0A947B9ED86D7EFFA /* Pods-Application.debug.xcconfig */ = {isa = PBXFileReference; includeInIndex = 1; lastKnownFileType = text.xcconfig; name = "Pods-Application.debug.xcconfig"; path = "Target Support Files/Pods-Application/Pods-Application.debug.xcconfig"; sourceTree = "<group>"; };
		D059CFF090ED42DC2B24425B /* libPods-Application.a */ = {isa = PBXFileReference; explicitFileType = archive.ar; includeInIndex = 0; path = "libPods-Application.a"; sourceTree = BUILT_PRODUCTS_DIR; };
		DA24FE00219061C500031D57 /* Desktop.app */ = {isa = PBXFileReference; explicitFileType = wrapper.application; includeInIndex = 0; path = Desktop.app; sourceTree = BUILT_PRODUCTS_DIR; };
		DA25F364219331CB0049843E /* OptionView.swift */ = {isa = PBXFileReference; lastKnownFileType = sourcecode.swift; path = OptionView.swift; sourceTree = "<group>"; };
		DA48003821930FF600A72514 /* Tests.xctest */ = {isa = PBXFileReference; explicitFileType = wrapper.cfbundle; includeInIndex = 0; path = Tests.xctest; sourceTree = BUILT_PRODUCTS_DIR; };
		DA4800452193103600A72514 /* TestFactory.swift */ = {isa = PBXFileReference; fileEncoding = 4; lastKnownFileType = sourcecode.swift; path = TestFactory.swift; sourceTree = "<group>"; };
		DA4800462193103600A72514 /* TestParsing.swift */ = {isa = PBXFileReference; fileEncoding = 4; lastKnownFileType = sourcecode.swift; path = TestParsing.swift; sourceTree = "<group>"; };
		DA4800472193103600A72514 /* MockStorage.swift */ = {isa = PBXFileReference; fileEncoding = 4; lastKnownFileType = sourcecode.swift; path = MockStorage.swift; sourceTree = "<group>"; };
		DA4800482193103600A72514 /* TestStorage.swift */ = {isa = PBXFileReference; fileEncoding = 4; lastKnownFileType = sourcecode.swift; path = TestStorage.swift; sourceTree = "<group>"; };
		DA48004A2193103600A72514 /* TestSelection.swift */ = {isa = PBXFileReference; fileEncoding = 4; lastKnownFileType = sourcecode.swift; path = TestSelection.swift; sourceTree = "<group>"; };
		DA51A267219328F500F7C804 /* DocumentView.swift */ = {isa = PBXFileReference; lastKnownFileType = sourcecode.swift; path = DocumentView.swift; sourceTree = "<group>"; };
		DA7AC8E221948968007A7CC6 /* TestValidate.swift */ = {isa = PBXFileReference; lastKnownFileType = sourcecode.swift; path = TestValidate.swift; sourceTree = "<group>"; };
		DA7AC8E521948A2E007A7CC6 /* Validator.swift */ = {isa = PBXFileReference; lastKnownFileType = sourcecode.swift; path = Validator.swift; sourceTree = "<group>"; };
		DA7AC8EB21948BEF007A7CC6 /* Invalid.swift */ = {isa = PBXFileReference; lastKnownFileType = sourcecode.swift; path = Invalid.swift; sourceTree = "<group>"; };
		DA7DEF412192EB7900909D9D /* Game.swift */ = {isa = PBXFileReference; fileEncoding = 4; lastKnownFileType = sourcecode.swift; path = Game.swift; sourceTree = "<group>"; };
		DA7DEF422192EB7900909D9D /* Option.swift */ = {isa = PBXFileReference; fileEncoding = 4; lastKnownFileType = sourcecode.swift; path = Option.swift; sourceTree = "<group>"; };
		DA7DEF432192EB7900909D9D /* Message.swift */ = {isa = PBXFileReference; fileEncoding = 4; lastKnownFileType = sourcecode.swift; path = Message.swift; sourceTree = "<group>"; };
		DA7DEF442192EB7900909D9D /* Effect.swift */ = {isa = PBXFileReference; fileEncoding = 4; lastKnownFileType = sourcecode.swift; path = Effect.swift; sourceTree = "<group>"; };
		DA7DEF452192EB7900909D9D /* String.swift */ = {isa = PBXFileReference; fileEncoding = 4; lastKnownFileType = sourcecode.swift; path = String.swift; sourceTree = "<group>"; };
		DA7DEF462192EB7900909D9D /* Player.swift */ = {isa = PBXFileReference; fileEncoding = 4; lastKnownFileType = sourcecode.swift; path = Player.swift; sourceTree = "<group>"; };
		DAA7FBCE218BB29000F1C0E8 /* SplashPresenter.swift */ = {isa = PBXFileReference; lastKnownFileType = sourcecode.swift; path = SplashPresenter.swift; sourceTree = "<group>"; };
		DAA7FBD0218BB37000F1C0E8 /* SplashView.swift */ = {isa = PBXFileReference; lastKnownFileType = sourcecode.swift; path = SplashView.swift; sourceTree = "<group>"; };
		DAB55EFE218B9D1400A9F02A /* Storage.swift */ = {isa = PBXFileReference; lastKnownFileType = sourcecode.swift; path = Storage.swift; sourceTree = "<group>"; };
		DAB55F02218B9E1900A9F02A /* Factory.swift */ = {isa = PBXFileReference; lastKnownFileType = sourcecode.swift; path = Factory.swift; sourceTree = "<group>"; };
		DAB55F06218BAF9300A9F02A /* Session.swift */ = {isa = PBXFileReference; lastKnownFileType = sourcecode.swift; path = Session.swift; sourceTree = "<group>"; };
		DABA3AE42194635C007B757E /* Button.swift */ = {isa = PBXFileReference; lastKnownFileType = sourcecode.swift; path = Button.swift; sourceTree = "<group>"; };
		DACF07C0219079B200F907AB /* en */ = {isa = PBXFileReference; lastKnownFileType = text.plist.strings; name = en; path = en.lproj/Localizable.strings; sourceTree = "<group>"; };
		DACF07C4219079BD00F907AB /* en */ = {isa = PBXFileReference; lastKnownFileType = text.plist.strings; name = en; path = en.lproj/Localizable.strings; sourceTree = "<group>"; };
		DACF07C6219079CA00F907AB /* One.json */ = {isa = PBXFileReference; fileEncoding = 4; lastKnownFileType = text.json; path = One.json; sourceTree = "<group>"; };
		DACF07D121907A8700F907AB /* UIColor.swift */ = {isa = PBXFileReference; fileEncoding = 4; lastKnownFileType = sourcecode.swift; path = UIColor.swift; sourceTree = "<group>"; };
		DACF84DB219223B4005B741C /* libEditor.a */ = {isa = PBXFileReference; explicitFileType = archive.ar; includeInIndex = 0; path = libEditor.a; sourceTree = BUILT_PRODUCTS_DIR; };
		DACF84F82192270E005B741C /* View.swift */ = {isa = PBXFileReference; fileEncoding = 4; lastKnownFileType = sourcecode.swift; path = View.swift; sourceTree = "<group>"; };
		DACF84F92192270E005B741C /* Application.swift */ = {isa = PBXFileReference; fileEncoding = 4; lastKnownFileType = sourcecode.swift; path = Application.swift; sourceTree = "<group>"; };
		DAD5B58E218A4ABC00E1DDA9 /* Navigation.swift */ = {isa = PBXFileReference; lastKnownFileType = sourcecode.swift; path = Navigation.swift; sourceTree = "<group>"; };
		DAD5B591218A509300E1DDA9 /* HomePresenter.swift */ = {isa = PBXFileReference; lastKnownFileType = sourcecode.swift; path = HomePresenter.swift; sourceTree = "<group>"; };
		DAD5B593218A50A600E1DDA9 /* HomeView.swift */ = {isa = PBXFileReference; lastKnownFileType = sourcecode.swift; path = HomeView.swift; sourceTree = "<group>"; };
		DAD5B599218A51C700E1DDA9 /* ButtonText.swift */ = {isa = PBXFileReference; lastKnownFileType = sourcecode.swift; path = ButtonText.swift; sourceTree = "<group>"; };
		DAD5B59C218A52D100E1DDA9 /* GamePresenter.swift */ = {isa = PBXFileReference; lastKnownFileType = sourcecode.swift; path = GamePresenter.swift; sourceTree = "<group>"; };
		DAD5B59E218A52E700E1DDA9 /* GameView.swift */ = {isa = PBXFileReference; lastKnownFileType = sourcecode.swift; path = GameView.swift; sourceTree = "<group>"; };
		DAD5B5A2218A6D3500E1DDA9 /* Bar.swift */ = {isa = PBXFileReference; lastKnownFileType = sourcecode.swift; path = Bar.swift; sourceTree = "<group>"; };
		DAD5B5A4218A6D5400E1DDA9 /* Button.swift */ = {isa = PBXFileReference; lastKnownFileType = sourcecode.swift; path = Button.swift; sourceTree = "<group>"; };
		DAD5B5B2218B234700E1DDA9 /* GameCaretView.swift */ = {isa = PBXFileReference; lastKnownFileType = sourcecode.swift; path = GameCaretView.swift; sourceTree = "<group>"; };
		DAD7E123218A3A690085F449 /* libHauptbahnhof.a */ = {isa = PBXFileReference; explicitFileType = archive.ar; includeInIndex = 0; path = libHauptbahnhof.a; sourceTree = BUILT_PRODUCTS_DIR; };
		DAD7E124218A3A690085F449 /* Application.app */ = {isa = PBXFileReference; explicitFileType = wrapper.application; includeInIndex = 0; path = Application.app; sourceTree = BUILT_PRODUCTS_DIR; };
		DAD7E12B218A3B480085F449 /* LaunchScreen.storyboard */ = {isa = PBXFileReference; fileEncoding = 4; lastKnownFileType = file.storyboard; path = LaunchScreen.storyboard; sourceTree = "<group>"; };
		DAD7E130218A3B530085F449 /* Application.swift */ = {isa = PBXFileReference; fileEncoding = 4; lastKnownFileType = sourcecode.swift; path = Application.swift; sourceTree = "<group>"; };
		DAD7E136218A3B620085F449 /* GameMaster.swift */ = {isa = PBXFileReference; fileEncoding = 4; lastKnownFileType = sourcecode.swift; path = GameMaster.swift; sourceTree = "<group>"; };
		DADE700E21957C6F009ADEB7 /* Status.swift */ = {isa = PBXFileReference; lastKnownFileType = sourcecode.swift; path = Status.swift; sourceTree = "<group>"; };
		DADE70102195865D009ADEB7 /* Session.swift */ = {isa = PBXFileReference; lastKnownFileType = sourcecode.swift; path = Session.swift; sourceTree = "<group>"; };
		DADE701221958736009ADEB7 /* Exception.swift */ = {isa = PBXFileReference; lastKnownFileType = sourcecode.swift; path = Exception.swift; sourceTree = "<group>"; };
		DAE6AA89218F3B2D00E7BBC1 /* GameOptionView.swift */ = {isa = PBXFileReference; lastKnownFileType = sourcecode.swift; path = GameOptionView.swift; sourceTree = "<group>"; };
		DAFCF242219458D100BEBEEF /* EffectView.swift */ = {isa = PBXFileReference; lastKnownFileType = sourcecode.swift; path = EffectView.swift; sourceTree = "<group>"; };
		DAFCF24421945BBD00BEBEEF /* assets.xcassets */ = {isa = PBXFileReference; lastKnownFileType = folder.assetcatalog; path = assets.xcassets; sourceTree = "<group>"; };
		DAFCF24621945BCD00BEBEEF /* assets.xcassets */ = {isa = PBXFileReference; lastKnownFileType = folder.assetcatalog; path = assets.xcassets; sourceTree = "<group>"; };
		DAFEC3362192411F00DAA671 /* Presenter.swift */ = {isa = PBXFileReference; lastKnownFileType = sourcecode.swift; path = Presenter.swift; sourceTree = "<group>"; };
		DAFEC33C2192499100DAA671 /* ItemView.swift */ = {isa = PBXFileReference; lastKnownFileType = sourcecode.swift; path = ItemView.swift; sourceTree = "<group>"; };
/* End PBXFileReference section */

/* Begin PBXFrameworksBuildPhase section */
		DA24FDFD219061C500031D57 /* Frameworks */ = {
			isa = PBXFrameworksBuildPhase;
			buildActionMask = 2147483647;
			files = (
				DACF850B2192286A005B741C /* libEditor.a in Frameworks */,
			);
			runOnlyForDeploymentPostprocessing = 0;
		};
		DA48003521930FF600A72514 /* Frameworks */ = {
			isa = PBXFrameworksBuildPhase;
			buildActionMask = 2147483647;
			files = (
				DA48003D21930FF600A72514 /* libHauptbahnhof.a in Frameworks */,
			);
			runOnlyForDeploymentPostprocessing = 0;
		};
		DACF84D9219223B4005B741C /* Frameworks */ = {
			isa = PBXFrameworksBuildPhase;
			buildActionMask = 2147483647;
			files = (
			);
			runOnlyForDeploymentPostprocessing = 0;
		};
		DAD7E0F0218A350F0085F449 /* Frameworks */ = {
			isa = PBXFrameworksBuildPhase;
			buildActionMask = 2147483647;
			files = (
			);
			runOnlyForDeploymentPostprocessing = 0;
		};
		DAD7E10D218A35750085F449 /* Frameworks */ = {
			isa = PBXFrameworksBuildPhase;
			buildActionMask = 2147483647;
			files = (
				DA397BDE218A3E1200C54971 /* libHauptbahnhof.a in Frameworks */,
				38D505BA45CC16724631C727 /* libPods-Application.a in Frameworks */,
			);
			runOnlyForDeploymentPostprocessing = 0;
		};
/* End PBXFrameworksBuildPhase section */

/* Begin PBXGroup section */
		727E2B92E135BBF7790969D5 /* Pods */ = {
			isa = PBXGroup;
			children = (
				B42174B0A947B9ED86D7EFFA /* Pods-Application.debug.xcconfig */,
				AC986C45890ECEFA63F3AF3F /* Pods-Application.release.xcconfig */,
			);
			path = Pods;
			sourceTree = "<group>";
		};
		C452628FC769EC38F803EC4E /* Frameworks */ = {
			isa = PBXGroup;
			children = (
				D059CFF090ED42DC2B24425B /* libPods-Application.a */,
			);
			name = Frameworks;
			sourceTree = "<group>";
		};
		DA4800432193103600A72514 /* Tests */ = {
			isa = PBXGroup;
			children = (
				DA4800442193103600A72514 /* Shared */,
				DA4800492193103600A72514 /* Game */,
				DA7AC8E121948950007A7CC6 /* Validate */,
			);
			path = Tests;
			sourceTree = "<group>";
		};
		DA4800442193103600A72514 /* Shared */ = {
			isa = PBXGroup;
			children = (
				DA4800452193103600A72514 /* TestFactory.swift */,
				DA4800462193103600A72514 /* TestParsing.swift */,
				DA4800482193103600A72514 /* TestStorage.swift */,
				DA4800472193103600A72514 /* MockStorage.swift */,
			);
			path = Shared;
			sourceTree = "<group>";
		};
		DA4800492193103600A72514 /* Game */ = {
			isa = PBXGroup;
			children = (
				DA48004A2193103600A72514 /* TestSelection.swift */,
			);
			path = Game;
			sourceTree = "<group>";
		};
		DA7AC8E121948950007A7CC6 /* Validate */ = {
			isa = PBXGroup;
			children = (
				DA7AC8E221948968007A7CC6 /* TestValidate.swift */,
			);
			path = Validate;
			sourceTree = "<group>";
		};
		DA7AC8E421948A08007A7CC6 /* Validate */ = {
			isa = PBXGroup;
			children = (
				DA7AC8E521948A2E007A7CC6 /* Validator.swift */,
				DA7AC8EB21948BEF007A7CC6 /* Invalid.swift */,
			);
			path = Validate;
			sourceTree = "<group>";
		};
		DA7DEF402192EB7900909D9D /* Entities */ = {
			isa = PBXGroup;
			children = (
				DA7DEF412192EB7900909D9D /* Game.swift */,
				DA7DEF422192EB7900909D9D /* Option.swift */,
				DA7DEF432192EB7900909D9D /* Message.swift */,
				DA7DEF442192EB7900909D9D /* Effect.swift */,
				DA7DEF462192EB7900909D9D /* Player.swift */,
			);
			path = Entities;
			sourceTree = "<group>";
		};
		DA7DEF562192EBCA00909D9D /* Shared */ = {
			isa = PBXGroup;
			children = (
				DA7DEF452192EB7900909D9D /* String.swift */,
			);
			path = Shared;
			sourceTree = "<group>";
		};
		DAA7FBCD218BB27A00F1C0E8 /* Splash */ = {
			isa = PBXGroup;
			children = (
				DAA7FBCE218BB29000F1C0E8 /* SplashPresenter.swift */,
				DAA7FBD0218BB37000F1C0E8 /* SplashView.swift */,
			);
			path = Splash;
			sourceTree = "<group>";
		};
		DAB55EFD218B9D0100A9F02A /* Shared */ = {
			isa = PBXGroup;
			children = (
				DAB55EFE218B9D1400A9F02A /* Storage.swift */,
				DAB55F02218B9E1900A9F02A /* Factory.swift */,
				DADE701221958736009ADEB7 /* Exception.swift */,
			);
			path = Shared;
			sourceTree = "<group>";
		};
		DACF07BE219079B200F907AB /* Application */ = {
			isa = PBXGroup;
			children = (
				DAFCF24421945BBD00BEBEEF /* assets.xcassets */,
				DACF07BF219079B200F907AB /* Localizable.strings */,
			);
			path = Application;
			sourceTree = "<group>";
		};
		DACF07C2219079BD00F907AB /* Desktop */ = {
			isa = PBXGroup;
			children = (
				DAFCF24621945BCD00BEBEEF /* assets.xcassets */,
				DACF07C3219079BD00F907AB /* Localizable.strings */,
			);
			path = Desktop;
			sourceTree = "<group>";
		};
		DACF84F72192270E005B741C /* Desktop */ = {
			isa = PBXGroup;
			children = (
				DACF84F92192270E005B741C /* Application.swift */,
				DADE70102195865D009ADEB7 /* Session.swift */,
				DAFEC3362192411F00DAA671 /* Presenter.swift */,
				DACF84F82192270E005B741C /* View.swift */,
				DAFEC33C2192499100DAA671 /* ItemView.swift */,
				DA25F364219331CB0049843E /* OptionView.swift */,
				DAFCF242219458D100BEBEEF /* EffectView.swift */,
				DA51A267219328F500F7C804 /* DocumentView.swift */,
				DABA3AE42194635C007B757E /* Button.swift */,
				DADE700E21957C6F009ADEB7 /* Status.swift */,
			);
			path = Desktop;
			sourceTree = "<group>";
		};
		DAD5B590218A506200E1DDA9 /* Home */ = {
			isa = PBXGroup;
			children = (
				DAD5B591218A509300E1DDA9 /* HomePresenter.swift */,
				DAD5B593218A50A600E1DDA9 /* HomeView.swift */,
			);
			path = Home;
			sourceTree = "<group>";
		};
		DAD5B59B218A52BE00E1DDA9 /* Game */ = {
			isa = PBXGroup;
			children = (
				DAD5B59C218A52D100E1DDA9 /* GamePresenter.swift */,
				DAD5B59E218A52E700E1DDA9 /* GameView.swift */,
				DAD5B5B2218B234700E1DDA9 /* GameCaretView.swift */,
				DAE6AA89218F3B2D00E7BBC1 /* GameOptionView.swift */,
			);
			path = Game;
			sourceTree = "<group>";
		};
		DAD5B5AB218B07F800E1DDA9 /* Game */ = {
			isa = PBXGroup;
			children = (
				DAD7E136218A3B620085F449 /* GameMaster.swift */,
			);
			path = Game;
			sourceTree = "<group>";
		};
		DAD7E0EA218A350F0085F449 = {
			isa = PBXGroup;
			children = (
				DAD7E135218A3B620085F449 /* Source */,
				DA4800432193103600A72514 /* Tests */,
				DA7DEF562192EBCA00909D9D /* Shared */,
				DAD7E12E218A3B530085F449 /* Application */,
				DACF84F72192270E005B741C /* Desktop */,
				DAD7E128218A3B480085F449 /* Resources */,
				727E2B92E135BBF7790969D5 /* Pods */,
				C452628FC769EC38F803EC4E /* Frameworks */,
				DAD7E123218A3A690085F449 /* libHauptbahnhof.a */,
				DACF84DB219223B4005B741C /* libEditor.a */,
				DAD7E124218A3A690085F449 /* Application.app */,
				DA24FE00219061C500031D57 /* Desktop.app */,
				DA48003821930FF600A72514 /* Tests.xctest */,
			);
			sourceTree = "<group>";
		};
		DAD7E128218A3B480085F449 /* Resources */ = {
			isa = PBXGroup;
			children = (
				DACF07BE219079B200F907AB /* Application */,
				DACF07C2219079BD00F907AB /* Desktop */,
				DAD7E12B218A3B480085F449 /* LaunchScreen.storyboard */,
				DACF07C6219079CA00F907AB /* One.json */,
			);
			path = Resources;
			sourceTree = "<group>";
		};
		DAD7E12E218A3B530085F449 /* Application */ = {
			isa = PBXGroup;
			children = (
				DAD7E12F218A3B530085F449 /* Shared */,
				DAA7FBCD218BB27A00F1C0E8 /* Splash */,
				DAD5B590218A506200E1DDA9 /* Home */,
				DAD5B59B218A52BE00E1DDA9 /* Game */,
			);
			path = Application;
			sourceTree = "<group>";
		};
		DAD7E12F218A3B530085F449 /* Shared */ = {
			isa = PBXGroup;
			children = (
				DAD7E130218A3B530085F449 /* Application.swift */,
				DAD5B58E218A4ABC00E1DDA9 /* Navigation.swift */,
				DAD5B5A2218A6D3500E1DDA9 /* Bar.swift */,
				DAD5B5A4218A6D5400E1DDA9 /* Button.swift */,
				DAD5B599218A51C700E1DDA9 /* ButtonText.swift */,
				DAB55F06218BAF9300A9F02A /* Session.swift */,
				DACF07D121907A8700F907AB /* UIColor.swift */,
			);
			path = Shared;
			sourceTree = "<group>";
		};
		DAD7E135218A3B620085F449 /* Source */ = {
			isa = PBXGroup;
			children = (
				DAB55EFD218B9D0100A9F02A /* Shared */,
				DAD5B5AB218B07F800E1DDA9 /* Game */,
				DA7DEF402192EB7900909D9D /* Entities */,
				DA7AC8E421948A08007A7CC6 /* Validate */,
			);
			path = Source;
			sourceTree = "<group>";
		};
/* End PBXGroup section */

/* Begin PBXHeadersBuildPhase section */
		DACF84D7219223B4005B741C /* Headers */ = {
			isa = PBXHeadersBuildPhase;
			buildActionMask = 2147483647;
			files = (
			);
			runOnlyForDeploymentPostprocessing = 0;
		};
/* End PBXHeadersBuildPhase section */

/* Begin PBXNativeTarget section */
		DA24FDFF219061C500031D57 /* Desktop */ = {
			isa = PBXNativeTarget;
			buildConfigurationList = DA24FE0B219061C700031D57 /* Build configuration list for PBXNativeTarget "Desktop" */;
			buildPhases = (
				DA24FDFC219061C500031D57 /* Sources */,
				DA24FDFD219061C500031D57 /* Frameworks */,
				DA24FDFE219061C500031D57 /* Resources */,
			);
			buildRules = (
			);
			dependencies = (
			);
			name = Desktop;
			productName = Editor;
			productReference = DA24FE00219061C500031D57 /* Desktop.app */;
			productType = "com.apple.product-type.application";
		};
		DA48003721930FF600A72514 /* Tests */ = {
			isa = PBXNativeTarget;
			buildConfigurationList = DA48004021930FF600A72514 /* Build configuration list for PBXNativeTarget "Tests" */;
			buildPhases = (
				DA48003421930FF600A72514 /* Sources */,
				DA48003521930FF600A72514 /* Frameworks */,
				DA48003621930FF600A72514 /* Resources */,
			);
			buildRules = (
			);
			dependencies = (
				DA48003F21930FF600A72514 /* PBXTargetDependency */,
			);
			name = Tests;
			productName = Tests;
			productReference = DA48003821930FF600A72514 /* Tests.xctest */;
			productType = "com.apple.product-type.bundle.unit-test";
		};
		DACF84DA219223B4005B741C /* Editor */ = {
			isa = PBXNativeTarget;
			buildConfigurationList = DACF84E1219223B4005B741C /* Build configuration list for PBXNativeTarget "Editor" */;
			buildPhases = (
				DACF84D7219223B4005B741C /* Headers */,
				DACF84D8219223B4005B741C /* Sources */,
				DACF84D9219223B4005B741C /* Frameworks */,
			);
			buildRules = (
			);
			dependencies = (
			);
			name = Editor;
			productName = Editor;
			productReference = DACF84DB219223B4005B741C /* libEditor.a */;
			productType = "com.apple.product-type.library.static";
		};
		DAD7E0F2218A350F0085F449 /* Hauptbahnhof */ = {
			isa = PBXNativeTarget;
			buildConfigurationList = DAD7E0FA218A350F0085F449 /* Build configuration list for PBXNativeTarget "Hauptbahnhof" */;
			buildPhases = (
				DAD7E0EF218A350F0085F449 /* Sources */,
				DAD7E0F0218A350F0085F449 /* Frameworks */,
				DAD7E0F1218A350F0085F449 /* CopyFiles */,
			);
			buildRules = (
			);
			dependencies = (
			);
			name = Hauptbahnhof;
			productName = Hauptbahnhof;
			productReference = DAD7E123218A3A690085F449 /* libHauptbahnhof.a */;
			productType = "com.apple.product-type.library.static";
		};
		DAD7E10F218A35750085F449 /* Application */ = {
			isa = PBXNativeTarget;
			buildConfigurationList = DAD7E11F218A35760085F449 /* Build configuration list for PBXNativeTarget "Application" */;
			buildPhases = (
				B6DB7FBCB67D5B95B634686B /* [CP] Check Pods Manifest.lock */,
				DAD7E10C218A35750085F449 /* Sources */,
				DAD7E10D218A35750085F449 /* Frameworks */,
				DAD7E10E218A35750085F449 /* Resources */,
			);
			buildRules = (
			);
			dependencies = (
			);
			name = Application;
			productName = Application;
			productReference = DAD7E124218A3A690085F449 /* Application.app */;
			productType = "com.apple.product-type.application";
		};
/* End PBXNativeTarget section */

/* Begin PBXProject section */
		DAD7E0EB218A350F0085F449 /* Project object */ = {
			isa = PBXProject;
			attributes = {
				LastSwiftUpdateCheck = 1010;
				LastUpgradeCheck = 1000;
				ORGANIZATIONNAME = iturbide;
				TargetAttributes = {
					DA24FDFF219061C500031D57 = {
						CreatedOnToolsVersion = 10.1;
					};
					DA48003721930FF600A72514 = {
						CreatedOnToolsVersion = 10.1;
					};
					DACF84DA219223B4005B741C = {
						CreatedOnToolsVersion = 10.1;
					};
					DAD7E0F2218A350F0085F449 = {
						CreatedOnToolsVersion = 10.0;
					};
					DAD7E10F218A35750085F449 = {
						CreatedOnToolsVersion = 10.0;
					};
				};
			};
			buildConfigurationList = DAD7E0EE218A350F0085F449 /* Build configuration list for PBXProject "Hauptbahnhof" */;
			compatibilityVersion = "Xcode 9.3";
			developmentRegion = en;
			hasScannedForEncodings = 0;
			knownRegions = (
				en,
				Base,
			);
			mainGroup = DAD7E0EA218A350F0085F449;
			productRefGroup = DAD7E0EA218A350F0085F449;
			projectDirPath = "";
			projectRoot = "";
			targets = (
				DAD7E0F2218A350F0085F449 /* Hauptbahnhof */,
				DACF84DA219223B4005B741C /* Editor */,
				DA48003721930FF600A72514 /* Tests */,
				DAD7E10F218A35750085F449 /* Application */,
				DA24FDFF219061C500031D57 /* Desktop */,
			);
		};
/* End PBXProject section */

/* Begin PBXResourcesBuildPhase section */
		DA24FDFE219061C500031D57 /* Resources */ = {
			isa = PBXResourcesBuildPhase;
			buildActionMask = 2147483647;
			files = (
				DACF07C9219079D000F907AB /* One.json in Resources */,
				DACF07C5219079BD00F907AB /* Localizable.strings in Resources */,
				DAFCF24721945BCD00BEBEEF /* assets.xcassets in Resources */,
			);
			runOnlyForDeploymentPostprocessing = 0;
		};
		DA48003621930FF600A72514 /* Resources */ = {
			isa = PBXResourcesBuildPhase;
			buildActionMask = 2147483647;
			files = (
				DA51A266219313A000F7C804 /* One.json in Resources */,
			);
			runOnlyForDeploymentPostprocessing = 0;
		};
		DAD7E10E218A35750085F449 /* Resources */ = {
			isa = PBXResourcesBuildPhase;
			buildActionMask = 2147483647;
			files = (
				DAD7E12D218A3B480085F449 /* LaunchScreen.storyboard in Resources */,
				DACF07C1219079B200F907AB /* Localizable.strings in Resources */,
				DAFCF24521945BBD00BEBEEF /* assets.xcassets in Resources */,
				DACF07C8219079CB00F907AB /* One.json in Resources */,
			);
			runOnlyForDeploymentPostprocessing = 0;
		};
/* End PBXResourcesBuildPhase section */

/* Begin PBXShellScriptBuildPhase section */
		B6DB7FBCB67D5B95B634686B /* [CP] Check Pods Manifest.lock */ = {
			isa = PBXShellScriptBuildPhase;
			buildActionMask = 2147483647;
			files = (
			);
			inputFileListPaths = (
			);
			inputPaths = (
				"${PODS_PODFILE_DIR_PATH}/Podfile.lock",
				"${PODS_ROOT}/Manifest.lock",
			);
			name = "[CP] Check Pods Manifest.lock";
			outputFileListPaths = (
			);
			outputPaths = (
				"$(DERIVED_FILE_DIR)/Pods-Application-checkManifestLockResult.txt",
			);
			runOnlyForDeploymentPostprocessing = 0;
			shellPath = /bin/sh;
			shellScript = "diff \"${PODS_PODFILE_DIR_PATH}/Podfile.lock\" \"${PODS_ROOT}/Manifest.lock\" > /dev/null\nif [ $? != 0 ] ; then\n    # print error to STDERR\n    echo \"error: The sandbox is not in sync with the Podfile.lock. Run 'pod install' or update your CocoaPods installation.\" >&2\n    exit 1\nfi\n# This output is used by Xcode 'outputs' to avoid re-running this script phase.\necho \"SUCCESS\" > \"${SCRIPT_OUTPUT_FILE_0}\"\n";
			showEnvVarsInLog = 0;
		};
/* End PBXShellScriptBuildPhase section */

/* Begin PBXSourcesBuildPhase section */
		DA24FDFC219061C500031D57 /* Sources */ = {
			isa = PBXSourcesBuildPhase;
			buildActionMask = 2147483647;
			files = (
				DA25F365219331CB0049843E /* OptionView.swift in Sources */,
				DADE700F21957C6F009ADEB7 /* Status.swift in Sources */,
				DACF84FB2192270E005B741C /* Application.swift in Sources */,
				DA51A268219328F500F7C804 /* DocumentView.swift in Sources */,
				DAFCF243219458D100BEBEEF /* EffectView.swift in Sources */,
				DAFEC33D2192499100DAA671 /* ItemView.swift in Sources */,
				DA7DEF572192EBEB00909D9D /* String.swift in Sources */,
				DADE70112195865D009ADEB7 /* Session.swift in Sources */,
				DACF84FA2192270E005B741C /* View.swift in Sources */,
				DABA3AE52194635C007B757E /* Button.swift in Sources */,
				DAFEC3372192411F00DAA671 /* Presenter.swift in Sources */,
			);
			runOnlyForDeploymentPostprocessing = 0;
		};
		DA48003421930FF600A72514 /* Sources */ = {
			isa = PBXSourcesBuildPhase;
			buildActionMask = 2147483647;
			files = (
				DA48004D2193103600A72514 /* MockStorage.swift in Sources */,
				DA48004E2193103600A72514 /* TestStorage.swift in Sources */,
				DA48004F2193103600A72514 /* TestSelection.swift in Sources */,
				DA48004C2193103600A72514 /* TestParsing.swift in Sources */,
				DA48004B2193103600A72514 /* TestFactory.swift in Sources */,
				DA7AC8E321948968007A7CC6 /* TestValidate.swift in Sources */,
			);
			runOnlyForDeploymentPostprocessing = 0;
		};
		DACF84D8219223B4005B741C /* Sources */ = {
			isa = PBXSourcesBuildPhase;
			buildActionMask = 2147483647;
			files = (
				DA7DEF4E2192EB7900909D9D /* Effect.swift in Sources */,
				DA7AC8E721948A2E007A7CC6 /* Validator.swift in Sources */,
				DA7DEF532192EB8700909D9D /* GameMaster.swift in Sources */,
				DA7DEF4C2192EB7900909D9D /* Message.swift in Sources */,
				DA7DEF4A2192EB7900909D9D /* Option.swift in Sources */,
				DA7DEF552192EB9500909D9D /* Factory.swift in Sources */,
				DA7DEF542192EB9100909D9D /* Storage.swift in Sources */,
				DADE701421958736009ADEB7 /* Exception.swift in Sources */,
				DA7AC8ED21948BEF007A7CC6 /* Invalid.swift in Sources */,
				DA7DEF522192EB7900909D9D /* Player.swift in Sources */,
				DA7DEF482192EB7900909D9D /* Game.swift in Sources */,
			);
			runOnlyForDeploymentPostprocessing = 0;
		};
		DAD7E0EF218A350F0085F449 /* Sources */ = {
			isa = PBXSourcesBuildPhase;
			buildActionMask = 2147483647;
			files = (
				DAB55F03218B9E1900A9F02A /* Factory.swift in Sources */,
				DA7AC8E621948A2E007A7CC6 /* Validator.swift in Sources */,
				DA7DEF4D2192EB7900909D9D /* Effect.swift in Sources */,
				DAD7E137218A3B630085F449 /* GameMaster.swift in Sources */,
				DA7DEF492192EB7900909D9D /* Option.swift in Sources */,
				DA7DEF4B2192EB7900909D9D /* Message.swift in Sources */,
				DAB55EFF218B9D1400A9F02A /* Storage.swift in Sources */,
				DADE701321958736009ADEB7 /* Exception.swift in Sources */,
				DA7AC8EC21948BEF007A7CC6 /* Invalid.swift in Sources */,
				DA7DEF512192EB7900909D9D /* Player.swift in Sources */,
				DA7DEF472192EB7900909D9D /* Game.swift in Sources */,
			);
			runOnlyForDeploymentPostprocessing = 0;
		};
		DAD7E10C218A35750085F449 /* Sources */ = {
			isa = PBXSourcesBuildPhase;
			buildActionMask = 2147483647;
			files = (
				DAD5B59D218A52D100E1DDA9 /* GamePresenter.swift in Sources */,
				DAA7FBCF218BB29000F1C0E8 /* SplashPresenter.swift in Sources */,
				DAA7FBD1218BB37000F1C0E8 /* SplashView.swift in Sources */,
				DAD5B59A218A51C700E1DDA9 /* ButtonText.swift in Sources */,
				DAD5B592218A509300E1DDA9 /* HomePresenter.swift in Sources */,
				DACF07D221907A8800F907AB /* UIColor.swift in Sources */,
				DAD5B59F218A52E700E1DDA9 /* GameView.swift in Sources */,
				DAD5B5A3218A6D3500E1DDA9 /* Bar.swift in Sources */,
				DAD5B594218A50A600E1DDA9 /* HomeView.swift in Sources */,
				DAB55F07218BAF9300A9F02A /* Session.swift in Sources */,
				DAD7E131218A3B530085F449 /* Application.swift in Sources */,
				DAD5B58F218A4ABC00E1DDA9 /* Navigation.swift in Sources */,
				DAE6AA8A218F3B2D00E7BBC1 /* GameOptionView.swift in Sources */,
				DAD5B5B3218B234700E1DDA9 /* GameCaretView.swift in Sources */,
				DA7DEF582192EBEC00909D9D /* String.swift in Sources */,
				DAD5B5A5218A6D5400E1DDA9 /* Button.swift in Sources */,
			);
			runOnlyForDeploymentPostprocessing = 0;
		};
/* End PBXSourcesBuildPhase section */

/* Begin PBXTargetDependency section */
		DA48003F21930FF600A72514 /* PBXTargetDependency */ = {
			isa = PBXTargetDependency;
			target = DAD7E0F2218A350F0085F449 /* Hauptbahnhof */;
			targetProxy = DA48003E21930FF600A72514 /* PBXContainerItemProxy */;
		};
/* End PBXTargetDependency section */

/* Begin PBXVariantGroup section */
		DACF07BF219079B200F907AB /* Localizable.strings */ = {
			isa = PBXVariantGroup;
			children = (
				DACF07C0219079B200F907AB /* en */,
			);
			name = Localizable.strings;
			sourceTree = "<group>";
		};
		DACF07C3219079BD00F907AB /* Localizable.strings */ = {
			isa = PBXVariantGroup;
			children = (
				DACF07C4219079BD00F907AB /* en */,
			);
			name = Localizable.strings;
			sourceTree = "<group>";
		};
/* End PBXVariantGroup section */

/* Begin XCBuildConfiguration section */
		DA24FE0C219061C700031D57 /* Debug */ = {
			isa = XCBuildConfiguration;
			buildSettings = {
				CODE_SIGN_ENTITLEMENTS = Configuration/Desktop.entitlements;
				CODE_SIGN_IDENTITY = "Mac Developer";
				CODE_SIGN_STYLE = Automatic;
				COMBINE_HIDPI_IMAGES = YES;
				DEVELOPMENT_TEAM = 7AMWG3RLHN;
				INFOPLIST_FILE = Configuration/Desktop.plist;
				LD_RUNPATH_SEARCH_PATHS = (
					"$(inherited)",
					"@executable_path/../Frameworks",
				);
				MACOSX_DEPLOYMENT_TARGET = 10.14;
				PRODUCT_BUNDLE_IDENTIFIER = iturbide.Editor.Desktop;
				PRODUCT_NAME = "$(TARGET_NAME)";
				SDKROOT = macosx;
			};
			name = Debug;
		};
		DA24FE0D219061C700031D57 /* Release */ = {
			isa = XCBuildConfiguration;
			buildSettings = {
				CODE_SIGN_ENTITLEMENTS = Configuration/Desktop.entitlements;
				CODE_SIGN_IDENTITY = "Mac Developer";
				CODE_SIGN_STYLE = Automatic;
				COMBINE_HIDPI_IMAGES = YES;
				DEVELOPMENT_TEAM = 7AMWG3RLHN;
				INFOPLIST_FILE = Configuration/Desktop.plist;
				LD_RUNPATH_SEARCH_PATHS = (
					"$(inherited)",
					"@executable_path/../Frameworks",
				);
				MACOSX_DEPLOYMENT_TARGET = 10.14;
				PRODUCT_BUNDLE_IDENTIFIER = iturbide.Editor.Desktop;
				PRODUCT_NAME = "$(TARGET_NAME)";
				SDKROOT = macosx;
			};
			name = Release;
		};
		DA48004121930FF600A72514 /* Debug */ = {
			isa = XCBuildConfiguration;
			buildSettings = {
				CLANG_ENABLE_MODULES = YES;
				CODE_SIGN_STYLE = Automatic;
				DEVELOPMENT_TEAM = 7AMWG3RLHN;
				INFOPLIST_FILE = Configuration/Tests.plist;
				IPHONEOS_DEPLOYMENT_TARGET = 12.1;
				LD_RUNPATH_SEARCH_PATHS = (
					"$(inherited)",
					"@executable_path/Frameworks",
					"@loader_path/Frameworks",
				);
				PRODUCT_BUNDLE_IDENTIFIER = iturbide.Hauptbahnhof.Tests;
				PRODUCT_NAME = "$(TARGET_NAME)";
				TARGETED_DEVICE_FAMILY = "1,2";
			};
			name = Debug;
		};
		DA48004221930FF600A72514 /* Release */ = {
			isa = XCBuildConfiguration;
			buildSettings = {
				CLANG_ENABLE_MODULES = YES;
				CODE_SIGN_STYLE = Automatic;
				DEBUG_INFORMATION_FORMAT = "dwarf-with-dsym";
				DEVELOPMENT_TEAM = 7AMWG3RLHN;
				INFOPLIST_FILE = Configuration/Tests.plist;
				IPHONEOS_DEPLOYMENT_TARGET = 12.1;
				LD_RUNPATH_SEARCH_PATHS = (
					"$(inherited)",
					"@executable_path/Frameworks",
					"@loader_path/Frameworks",
				);
				PRODUCT_BUNDLE_IDENTIFIER = iturbide.Hauptbahnhof.Tests;
				PRODUCT_NAME = "$(TARGET_NAME)";
				TARGETED_DEVICE_FAMILY = "1,2";
			};
			name = Release;
		};
		DACF84E2219223B4005B741C /* Debug */ = {
			isa = XCBuildConfiguration;
			buildSettings = {
				CODE_SIGN_IDENTITY = "Mac Developer";
				CODE_SIGN_STYLE = Automatic;
				DEVELOPMENT_TEAM = 7AMWG3RLHN;
				EXECUTABLE_PREFIX = lib;
				MACOSX_DEPLOYMENT_TARGET = 10.14;
				PRODUCT_NAME = "$(TARGET_NAME)";
				SDKROOT = macosx;
				SKIP_INSTALL = YES;
			};
			name = Debug;
		};
		DACF84E3219223B4005B741C /* Release */ = {
			isa = XCBuildConfiguration;
			buildSettings = {
				CODE_SIGN_IDENTITY = "Mac Developer";
				CODE_SIGN_STYLE = Automatic;
				DEVELOPMENT_TEAM = 7AMWG3RLHN;
				EXECUTABLE_PREFIX = lib;
				MACOSX_DEPLOYMENT_TARGET = 10.14;
				PRODUCT_NAME = "$(TARGET_NAME)";
				SDKROOT = macosx;
				SKIP_INSTALL = YES;
			};
			name = Release;
		};
		DAD7E0F8218A350F0085F449 /* Debug */ = {
			isa = XCBuildConfiguration;
			buildSettings = {
				ALWAYS_SEARCH_USER_PATHS = NO;
				CLANG_ANALYZER_NONNULL = YES;
				CLANG_ANALYZER_NUMBER_OBJECT_CONVERSION = YES_AGGRESSIVE;
				CLANG_CXX_LANGUAGE_STANDARD = "gnu++14";
				CLANG_CXX_LIBRARY = "libc++";
				CLANG_ENABLE_OBJC_ARC = YES;
				CLANG_ENABLE_OBJC_WEAK = YES;
				CLANG_WARN_BLOCK_CAPTURE_AUTORELEASING = YES;
				CLANG_WARN_BOOL_CONVERSION = YES;
				CLANG_WARN_COMMA = YES;
				CLANG_WARN_CONSTANT_CONVERSION = YES;
				CLANG_WARN_DEPRECATED_OBJC_IMPLEMENTATIONS = YES;
				CLANG_WARN_DIRECT_OBJC_ISA_USAGE = YES_ERROR;
				CLANG_WARN_DOCUMENTATION_COMMENTS = YES;
				CLANG_WARN_EMPTY_BODY = YES;
				CLANG_WARN_ENUM_CONVERSION = YES;
				CLANG_WARN_INFINITE_RECURSION = YES;
				CLANG_WARN_INT_CONVERSION = YES;
				CLANG_WARN_NON_LITERAL_NULL_CONVERSION = YES;
				CLANG_WARN_OBJC_IMPLICIT_RETAIN_SELF = YES;
				CLANG_WARN_OBJC_LITERAL_CONVERSION = YES;
				CLANG_WARN_OBJC_ROOT_CLASS = YES_ERROR;
				CLANG_WARN_RANGE_LOOP_ANALYSIS = YES;
				CLANG_WARN_STRICT_PROTOTYPES = YES;
				CLANG_WARN_SUSPICIOUS_MOVE = YES;
				CLANG_WARN_UNGUARDED_AVAILABILITY = YES_AGGRESSIVE;
				CLANG_WARN_UNREACHABLE_CODE = YES;
				CLANG_WARN__DUPLICATE_METHOD_MATCH = YES;
				CODE_SIGN_IDENTITY = "iPhone Developer";
				COPY_PHASE_STRIP = NO;
				DEBUG_INFORMATION_FORMAT = dwarf;
				ENABLE_STRICT_OBJC_MSGSEND = YES;
				ENABLE_TESTABILITY = YES;
				GCC_C_LANGUAGE_STANDARD = gnu11;
				GCC_DYNAMIC_NO_PIC = NO;
				GCC_NO_COMMON_BLOCKS = YES;
				GCC_OPTIMIZATION_LEVEL = 0;
				GCC_PREPROCESSOR_DEFINITIONS = (
					"DEBUG=1",
					"$(inherited)",
				);
				GCC_WARN_64_TO_32_BIT_CONVERSION = YES;
				GCC_WARN_ABOUT_RETURN_TYPE = YES_ERROR;
				GCC_WARN_UNDECLARED_SELECTOR = YES;
				GCC_WARN_UNINITIALIZED_AUTOS = YES_AGGRESSIVE;
				GCC_WARN_UNUSED_FUNCTION = YES;
				GCC_WARN_UNUSED_VARIABLE = YES;
				IPHONEOS_DEPLOYMENT_TARGET = 9.0;
				MTL_ENABLE_DEBUG_INFO = INCLUDE_SOURCE;
				MTL_FAST_MATH = YES;
				ONLY_ACTIVE_ARCH = YES;
				SDKROOT = iphoneos;
				SWIFT_ACTIVE_COMPILATION_CONDITIONS = DEBUG;
				SWIFT_INSTALL_OBJC_HEADER = NO;
				SWIFT_OPTIMIZATION_LEVEL = "-Onone";
				SWIFT_VERSION = 4.2;
			};
			name = Debug;
		};
		DAD7E0F9218A350F0085F449 /* Release */ = {
			isa = XCBuildConfiguration;
			buildSettings = {
				ALWAYS_SEARCH_USER_PATHS = NO;
				CLANG_ANALYZER_NONNULL = YES;
				CLANG_ANALYZER_NUMBER_OBJECT_CONVERSION = YES_AGGRESSIVE;
				CLANG_CXX_LANGUAGE_STANDARD = "gnu++14";
				CLANG_CXX_LIBRARY = "libc++";
				CLANG_ENABLE_OBJC_ARC = YES;
				CLANG_ENABLE_OBJC_WEAK = YES;
				CLANG_WARN_BLOCK_CAPTURE_AUTORELEASING = YES;
				CLANG_WARN_BOOL_CONVERSION = YES;
				CLANG_WARN_COMMA = YES;
				CLANG_WARN_CONSTANT_CONVERSION = YES;
				CLANG_WARN_DEPRECATED_OBJC_IMPLEMENTATIONS = YES;
				CLANG_WARN_DIRECT_OBJC_ISA_USAGE = YES_ERROR;
				CLANG_WARN_DOCUMENTATION_COMMENTS = YES;
				CLANG_WARN_EMPTY_BODY = YES;
				CLANG_WARN_ENUM_CONVERSION = YES;
				CLANG_WARN_INFINITE_RECURSION = YES;
				CLANG_WARN_INT_CONVERSION = YES;
				CLANG_WARN_NON_LITERAL_NULL_CONVERSION = YES;
				CLANG_WARN_OBJC_IMPLICIT_RETAIN_SELF = YES;
				CLANG_WARN_OBJC_LITERAL_CONVERSION = YES;
				CLANG_WARN_OBJC_ROOT_CLASS = YES_ERROR;
				CLANG_WARN_RANGE_LOOP_ANALYSIS = YES;
				CLANG_WARN_STRICT_PROTOTYPES = YES;
				CLANG_WARN_SUSPICIOUS_MOVE = YES;
				CLANG_WARN_UNGUARDED_AVAILABILITY = YES_AGGRESSIVE;
				CLANG_WARN_UNREACHABLE_CODE = YES;
				CLANG_WARN__DUPLICATE_METHOD_MATCH = YES;
				CODE_SIGN_IDENTITY = "iPhone Developer";
				COPY_PHASE_STRIP = NO;
				DEBUG_INFORMATION_FORMAT = dwarf;
				ENABLE_NS_ASSERTIONS = NO;
				ENABLE_STRICT_OBJC_MSGSEND = YES;
				GCC_C_LANGUAGE_STANDARD = gnu11;
				GCC_NO_COMMON_BLOCKS = YES;
				GCC_WARN_64_TO_32_BIT_CONVERSION = YES;
				GCC_WARN_ABOUT_RETURN_TYPE = YES_ERROR;
				GCC_WARN_UNDECLARED_SELECTOR = YES;
				GCC_WARN_UNINITIALIZED_AUTOS = YES_AGGRESSIVE;
				GCC_WARN_UNUSED_FUNCTION = YES;
				GCC_WARN_UNUSED_VARIABLE = YES;
				IPHONEOS_DEPLOYMENT_TARGET = 9.0;
				MTL_ENABLE_DEBUG_INFO = NO;
				MTL_FAST_MATH = YES;
				SDKROOT = iphoneos;
				SWIFT_COMPILATION_MODE = wholemodule;
				SWIFT_INSTALL_OBJC_HEADER = NO;
				SWIFT_OPTIMIZATION_LEVEL = "-O";
				SWIFT_VERSION = 4.2;
				VALIDATE_PRODUCT = YES;
			};
			name = Release;
		};
		DAD7E0FB218A350F0085F449 /* Debug */ = {
			isa = XCBuildConfiguration;
			buildSettings = {
				CODE_SIGN_STYLE = Automatic;
				DEVELOPMENT_TEAM = 7AMWG3RLHN;
				OTHER_LDFLAGS = "-ObjC";
				PRODUCT_NAME = "$(TARGET_NAME)";
				SKIP_INSTALL = YES;
				TARGETED_DEVICE_FAMILY = "1,2";
			};
			name = Debug;
		};
		DAD7E0FC218A350F0085F449 /* Release */ = {
			isa = XCBuildConfiguration;
			buildSettings = {
				CODE_SIGN_STYLE = Automatic;
				DEVELOPMENT_TEAM = 7AMWG3RLHN;
				OTHER_LDFLAGS = "-ObjC";
				PRODUCT_NAME = "$(TARGET_NAME)";
				SKIP_INSTALL = YES;
				TARGETED_DEVICE_FAMILY = "1,2";
			};
			name = Release;
		};
		DAD7E120218A35760085F449 /* Debug */ = {
			isa = XCBuildConfiguration;
			baseConfigurationReference = B42174B0A947B9ED86D7EFFA /* Pods-Application.debug.xcconfig */;
			buildSettings = {
				CODE_SIGN_STYLE = Automatic;
				DEVELOPMENT_TEAM = 7AMWG3RLHN;
				INFOPLIST_FILE = Configuration/Application.plist;
				LD_RUNPATH_SEARCH_PATHS = (
					"$(inherited)",
					"@executable_path/Frameworks",
				);
				PRODUCT_BUNDLE_IDENTIFIER = iturbide.Hauptbahnhof;
				PRODUCT_NAME = "$(TARGET_NAME)";
				TARGETED_DEVICE_FAMILY = "1,2";
			};
			name = Debug;
		};
		DAD7E121218A35760085F449 /* Release */ = {
			isa = XCBuildConfiguration;
			baseConfigurationReference = AC986C45890ECEFA63F3AF3F /* Pods-Application.release.xcconfig */;
			buildSettings = {
				CODE_SIGN_STYLE = Automatic;
				DEVELOPMENT_TEAM = 7AMWG3RLHN;
				INFOPLIST_FILE = Configuration/Application.plist;
				LD_RUNPATH_SEARCH_PATHS = (
					"$(inherited)",
					"@executable_path/Frameworks",
				);
				PRODUCT_BUNDLE_IDENTIFIER = iturbide.Hauptbahnhof;
				PRODUCT_NAME = "$(TARGET_NAME)";
				TARGETED_DEVICE_FAMILY = "1,2";
			};
			name = Release;
		};
/* End XCBuildConfiguration section */

/* Begin XCConfigurationList section */
		DA24FE0B219061C700031D57 /* Build configuration list for PBXNativeTarget "Desktop" */ = {
			isa = XCConfigurationList;
			buildConfigurations = (
				DA24FE0C219061C700031D57 /* Debug */,
				DA24FE0D219061C700031D57 /* Release */,
			);
			defaultConfigurationIsVisible = 0;
			defaultConfigurationName = Release;
		};
		DA48004021930FF600A72514 /* Build configuration list for PBXNativeTarget "Tests" */ = {
			isa = XCConfigurationList;
			buildConfigurations = (
				DA48004121930FF600A72514 /* Debug */,
				DA48004221930FF600A72514 /* Release */,
			);
			defaultConfigurationIsVisible = 0;
			defaultConfigurationName = Release;
		};
		DACF84E1219223B4005B741C /* Build configuration list for PBXNativeTarget "Editor" */ = {
			isa = XCConfigurationList;
			buildConfigurations = (
				DACF84E2219223B4005B741C /* Debug */,
				DACF84E3219223B4005B741C /* Release */,
			);
			defaultConfigurationIsVisible = 0;
			defaultConfigurationName = Release;
		};
		DAD7E0EE218A350F0085F449 /* Build configuration list for PBXProject "Hauptbahnhof" */ = {
			isa = XCConfigurationList;
			buildConfigurations = (
				DAD7E0F8218A350F0085F449 /* Debug */,
				DAD7E0F9218A350F0085F449 /* Release */,
			);
			defaultConfigurationIsVisible = 0;
			defaultConfigurationName = Release;
		};
		DAD7E0FA218A350F0085F449 /* Build configuration list for PBXNativeTarget "Hauptbahnhof" */ = {
			isa = XCConfigurationList;
			buildConfigurations = (
				DAD7E0FB218A350F0085F449 /* Debug */,
				DAD7E0FC218A350F0085F449 /* Release */,
			);
			defaultConfigurationIsVisible = 0;
			defaultConfigurationName = Release;
		};
		DAD7E11F218A35760085F449 /* Build configuration list for PBXNativeTarget "Application" */ = {
			isa = XCConfigurationList;
			buildConfigurations = (
				DAD7E120218A35760085F449 /* Debug */,
				DAD7E121218A35760085F449 /* Release */,
			);
			defaultConfigurationIsVisible = 0;
			defaultConfigurationName = Release;
		};
/* End XCConfigurationList section */
	};
	rootObject = DAD7E0EB218A350F0085F449 /* Project object */;
}
